// !$*UTF8*$!
{
	archiveVersion = 1;
	classes = {
	};
	objectVersion = 50;
	objects = {

/* Begin PBXBuildFile section */
		C815F5C9240C62E100E7C489 /* W1.swift in Sources */ = {isa = PBXBuildFile; fileRef = C815F5C8240C62E100E7C489 /* W1.swift */; };
		C83B8253240592A400283C22 /* AppDelegate.swift in Sources */ = {isa = PBXBuildFile; fileRef = C83B8252240592A400283C22 /* AppDelegate.swift */; };
		C83B8255240592A400283C22 /* SceneDelegate.swift in Sources */ = {isa = PBXBuildFile; fileRef = C83B8254240592A400283C22 /* SceneDelegate.swift */; };
		C83B8257240592A400283C22 /* ContentView.swift in Sources */ = {isa = PBXBuildFile; fileRef = C83B8256240592A400283C22 /* ContentView.swift */; };
		C83B8259240592A500283C22 /* Assets.xcassets in Resources */ = {isa = PBXBuildFile; fileRef = C83B8258240592A500283C22 /* Assets.xcassets */; };
		C83B825C240592A500283C22 /* Preview Assets.xcassets in Resources */ = {isa = PBXBuildFile; fileRef = C83B825B240592A500283C22 /* Preview Assets.xcassets */; };
		C83B825F240592A500283C22 /* LaunchScreen.storyboard in Resources */ = {isa = PBXBuildFile; fileRef = C83B825D240592A500283C22 /* LaunchScreen.storyboard */; };
		C83B826A240592A500283C22 /* BinderTests.swift in Sources */ = {isa = PBXBuildFile; fileRef = C83B8269240592A500283C22 /* BinderTests.swift */; };
		C83B8275240592A500283C22 /* BinderUITests.swift in Sources */ = {isa = PBXBuildFile; fileRef = C83B8274240592A500283C22 /* BinderUITests.swift */; };
		C83B828324059A0600283C22 /* MenuView.swift in Sources */ = {isa = PBXBuildFile; fileRef = C83B828224059A0600283C22 /* MenuView.swift */; };
		C83B828524059D1900283C22 /* MainStoryboard.storyboard in Resources */ = {isa = PBXBuildFile; fileRef = C83B828424059D1900283C22 /* MainStoryboard.storyboard */; };
		C83B828724059F5700283C22 /* SwiftUIView.swift in Sources */ = {isa = PBXBuildFile; fileRef = C83B828624059F5700283C22 /* SwiftUIView.swift */; };
/* End PBXBuildFile section */

/* Begin PBXContainerItemProxy section */
		C83B8266240592A500283C22 /* PBXContainerItemProxy */ = {
			isa = PBXContainerItemProxy;
			containerPortal = C83B8247240592A400283C22 /* Project object */;
			proxyType = 1;
			remoteGlobalIDString = C83B824E240592A400283C22;
			remoteInfo = Binder;
		};
		C83B8271240592A500283C22 /* PBXContainerItemProxy */ = {
			isa = PBXContainerItemProxy;
			containerPortal = C83B8247240592A400283C22 /* Project object */;
			proxyType = 1;
			remoteGlobalIDString = C83B824E240592A400283C22;
			remoteInfo = Binder;
		};
/* End PBXContainerItemProxy section */

/* Begin PBXFileReference section */
		C815F5C8240C62E100E7C489 /* W1.swift */ = {isa = PBXFileReference; lastKnownFileType = sourcecode.swift; path = W1.swift; sourceTree = "<group>"; };
		C83B824F240592A400283C22 /* Binder.app */ = {isa = PBXFileReference; explicitFileType = wrapper.application; includeInIndex = 0; path = Binder.app; sourceTree = BUILT_PRODUCTS_DIR; };
		C83B8252240592A400283C22 /* AppDelegate.swift */ = {isa = PBXFileReference; lastKnownFileType = sourcecode.swift; path = AppDelegate.swift; sourceTree = "<group>"; };
		C83B8254240592A400283C22 /* SceneDelegate.swift */ = {isa = PBXFileReference; lastKnownFileType = sourcecode.swift; path = SceneDelegate.swift; sourceTree = "<group>"; };
		C83B8256240592A400283C22 /* ContentView.swift */ = {isa = PBXFileReference; lastKnownFileType = sourcecode.swift; path = ContentView.swift; sourceTree = "<group>"; };
		C83B8258240592A500283C22 /* Assets.xcassets */ = {isa = PBXFileReference; lastKnownFileType = folder.assetcatalog; path = Assets.xcassets; sourceTree = "<group>"; };
		C83B825B240592A500283C22 /* Preview Assets.xcassets */ = {isa = PBXFileReference; lastKnownFileType = folder.assetcatalog; path = "Preview Assets.xcassets"; sourceTree = "<group>"; };
		C83B825E240592A500283C22 /* Base */ = {isa = PBXFileReference; lastKnownFileType = file.storyboard; name = Base; path = Base.lproj/LaunchScreen.storyboard; sourceTree = "<group>"; };
		C83B8260240592A500283C22 /* Info.plist */ = {isa = PBXFileReference; lastKnownFileType = text.plist.xml; path = Info.plist; sourceTree = "<group>"; };
		C83B8265240592A500283C22 /* BinderTests.xctest */ = {isa = PBXFileReference; explicitFileType = wrapper.cfbundle; includeInIndex = 0; path = BinderTests.xctest; sourceTree = BUILT_PRODUCTS_DIR; };
		C83B8269240592A500283C22 /* BinderTests.swift */ = {isa = PBXFileReference; lastKnownFileType = sourcecode.swift; path = BinderTests.swift; sourceTree = "<group>"; };
		C83B826B240592A500283C22 /* Info.plist */ = {isa = PBXFileReference; lastKnownFileType = text.plist.xml; path = Info.plist; sourceTree = "<group>"; };
		C83B8270240592A500283C22 /* BinderUITests.xctest */ = {isa = PBXFileReference; explicitFileType = wrapper.cfbundle; includeInIndex = 0; path = BinderUITests.xctest; sourceTree = BUILT_PRODUCTS_DIR; };
		C83B8274240592A500283C22 /* BinderUITests.swift */ = {isa = PBXFileReference; lastKnownFileType = sourcecode.swift; path = BinderUITests.swift; sourceTree = "<group>"; };
		C83B8276240592A500283C22 /* Info.plist */ = {isa = PBXFileReference; lastKnownFileType = text.plist.xml; path = Info.plist; sourceTree = "<group>"; };
		C83B828224059A0600283C22 /* MenuView.swift */ = {isa = PBXFileReference; lastKnownFileType = sourcecode.swift; path = MenuView.swift; sourceTree = "<group>"; };
		C83B828424059D1900283C22 /* MainStoryboard.storyboard */ = {isa = PBXFileReference; lastKnownFileType = file.storyboard; path = MainStoryboard.storyboard; sourceTree = "<group>"; };
		C83B828624059F5700283C22 /* SwiftUIView.swift */ = {isa = PBXFileReference; lastKnownFileType = sourcecode.swift; path = SwiftUIView.swift; sourceTree = "<group>"; };
/* End PBXFileReference section */

/* Begin PBXFrameworksBuildPhase section */
		C83B824C240592A400283C22 /* Frameworks */ = {
			isa = PBXFrameworksBuildPhase;
			buildActionMask = 2147483647;
			files = (
			);
			runOnlyForDeploymentPostprocessing = 0;
		};
		C83B8262240592A500283C22 /* Frameworks */ = {
			isa = PBXFrameworksBuildPhase;
			buildActionMask = 2147483647;
			files = (
			);
			runOnlyForDeploymentPostprocessing = 0;
		};
		C83B826D240592A500283C22 /* Frameworks */ = {
			isa = PBXFrameworksBuildPhase;
			buildActionMask = 2147483647;
			files = (
			);
			runOnlyForDeploymentPostprocessing = 0;
		};
/* End PBXFrameworksBuildPhase section */

/* Begin PBXGroup section */
		C83B8246240592A400283C22 = {
			isa = PBXGroup;
			children = (
				C815F5C8240C62E100E7C489 /* W1.swift */,
				C83B828224059A0600283C22 /* MenuView.swift */,
				C83B8251240592A400283C22 /* Binder */,
				C83B8268240592A500283C22 /* BinderTests */,
				C83B8273240592A500283C22 /* BinderUITests */,
				C83B8250240592A400283C22 /* Products */,
			);
			sourceTree = "<group>";
		};
		C83B8250240592A400283C22 /* Products */ = {
			isa = PBXGroup;
			children = (
				C83B824F240592A400283C22 /* Binder.app */,
				C83B8265240592A500283C22 /* BinderTests.xctest */,
				C83B8270240592A500283C22 /* BinderUITests.xctest */,
			);
			name = Products;
			sourceTree = "<group>";
		};
		C83B8251240592A400283C22 /* Binder */ = {
			isa = PBXGroup;
			children = (
				C83B8252240592A400283C22 /* AppDelegate.swift */,
				C83B8254240592A400283C22 /* SceneDelegate.swift */,
				C83B8256240592A400283C22 /* ContentView.swift */,
				C83B8258240592A500283C22 /* Assets.xcassets */,
				C83B825D240592A500283C22 /* LaunchScreen.storyboard */,
				C83B8260240592A500283C22 /* Info.plist */,
				C83B825A240592A500283C22 /* Preview Content */,
				C83B828424059D1900283C22 /* MainStoryboard.storyboard */,
				C83B828624059F5700283C22 /* SwiftUIView.swift */,
			);
			path = Binder;
			sourceTree = "<group>";
		};
		C83B825A240592A500283C22 /* Preview Content */ = {
			isa = PBXGroup;
			children = (
				C83B825B240592A500283C22 /* Preview Assets.xcassets */,
			);
			path = "Preview Content";
			sourceTree = "<group>";
		};
		C83B8268240592A500283C22 /* BinderTests */ = {
			isa = PBXGroup;
			children = (
				C83B8269240592A500283C22 /* BinderTests.swift */,
				C83B826B240592A500283C22 /* Info.plist */,
			);
			path = BinderTests;
			sourceTree = "<group>";
		};
		C83B8273240592A500283C22 /* BinderUITests */ = {
			isa = PBXGroup;
			children = (
				C83B8274240592A500283C22 /* BinderUITests.swift */,
				C83B8276240592A500283C22 /* Info.plist */,
			);
			path = BinderUITests;
			sourceTree = "<group>";
		};
/* End PBXGroup section */

/* Begin PBXNativeTarget section */
		C83B824E240592A400283C22 /* Binder */ = {
			isa = PBXNativeTarget;
			buildConfigurationList = C83B8279240592A500283C22 /* Build configuration list for PBXNativeTarget "Binder" */;
			buildPhases = (
				C83B824B240592A400283C22 /* Sources */,
				C83B824C240592A400283C22 /* Frameworks */,
				C83B824D240592A400283C22 /* Resources */,
			);
			buildRules = (
			);
			dependencies = (
			);
			name = Binder;
			productName = Binder;
			productReference = C83B824F240592A400283C22 /* Binder.app */;
			productType = "com.apple.product-type.application";
		};
		C83B8264240592A500283C22 /* BinderTests */ = {
			isa = PBXNativeTarget;
			buildConfigurationList = C83B827C240592A500283C22 /* Build configuration list for PBXNativeTarget "BinderTests" */;
			buildPhases = (
				C83B8261240592A500283C22 /* Sources */,
				C83B8262240592A500283C22 /* Frameworks */,
				C83B8263240592A500283C22 /* Resources */,
			);
			buildRules = (
			);
			dependencies = (
				C83B8267240592A500283C22 /* PBXTargetDependency */,
			);
			name = BinderTests;
			productName = BinderTests;
			productReference = C83B8265240592A500283C22 /* BinderTests.xctest */;
			productType = "com.apple.product-type.bundle.unit-test";
		};
		C83B826F240592A500283C22 /* BinderUITests */ = {
			isa = PBXNativeTarget;
			buildConfigurationList = C83B827F240592A500283C22 /* Build configuration list for PBXNativeTarget "BinderUITests" */;
			buildPhases = (
				C83B826C240592A500283C22 /* Sources */,
				C83B826D240592A500283C22 /* Frameworks */,
				C83B826E240592A500283C22 /* Resources */,
			);
			buildRules = (
			);
			dependencies = (
				C83B8272240592A500283C22 /* PBXTargetDependency */,
			);
			name = BinderUITests;
			productName = BinderUITests;
			productReference = C83B8270240592A500283C22 /* BinderUITests.xctest */;
			productType = "com.apple.product-type.bundle.ui-testing";
		};
/* End PBXNativeTarget section */

/* Begin PBXProject section */
		C83B8247240592A400283C22 /* Project object */ = {
			isa = PBXProject;
			attributes = {
				LastSwiftUpdateCheck = 1130;
				LastUpgradeCheck = 1130;
				ORGANIZATIONNAME = "Joshua Watson";
				TargetAttributes = {
					C83B824E240592A400283C22 = {
						CreatedOnToolsVersion = 11.3.1;
					};
					C83B8264240592A500283C22 = {
						CreatedOnToolsVersion = 11.3.1;
						TestTargetID = C83B824E240592A400283C22;
					};
					C83B826F240592A500283C22 = {
						CreatedOnToolsVersion = 11.3.1;
						TestTargetID = C83B824E240592A400283C22;
					};
				};
			};
			buildConfigurationList = C83B824A240592A400283C22 /* Build configuration list for PBXProject "Binder" */;
			compatibilityVersion = "Xcode 9.3";
			developmentRegion = en;
			hasScannedForEncodings = 0;
			knownRegions = (
				en,
				Base,
			);
			mainGroup = C83B8246240592A400283C22;
			productRefGroup = C83B8250240592A400283C22 /* Products */;
			projectDirPath = "";
			projectRoot = "";
			targets = (
				C83B824E240592A400283C22 /* Binder */,
				C83B8264240592A500283C22 /* BinderTests */,
				C83B826F240592A500283C22 /* BinderUITests */,
			);
		};
/* End PBXProject section */

/* Begin PBXResourcesBuildPhase section */
		C83B824D240592A400283C22 /* Resources */ = {
			isa = PBXResourcesBuildPhase;
			buildActionMask = 2147483647;
			files = (
				C83B825F240592A500283C22 /* LaunchScreen.storyboard in Resources */,
				C83B825C240592A500283C22 /* Preview Assets.xcassets in Resources */,
				C83B828524059D1900283C22 /* MainStoryboard.storyboard in Resources */,
				C83B8259240592A500283C22 /* Assets.xcassets in Resources */,
			);
			runOnlyForDeploymentPostprocessing = 0;
		};
		C83B8263240592A500283C22 /* Resources */ = {
			isa = PBXResourcesBuildPhase;
			buildActionMask = 2147483647;
			files = (
			);
			runOnlyForDeploymentPostprocessing = 0;
		};
		C83B826E240592A500283C22 /* Resources */ = {
			isa = PBXResourcesBuildPhase;
			buildActionMask = 2147483647;
			files = (
			);
			runOnlyForDeploymentPostprocessing = 0;
		};
/* End PBXResourcesBuildPhase section */

/* Begin PBXSourcesBuildPhase section */
		C83B824B240592A400283C22 /* Sources */ = {
			isa = PBXSourcesBuildPhase;
			buildActionMask = 2147483647;
			files = (
				C83B8253240592A400283C22 /* AppDelegate.swift in Sources */,
				C83B828324059A0600283C22 /* MenuView.swift in Sources */,
				C83B8255240592A400283C22 /* SceneDelegate.swift in Sources */,
				C83B8257240592A400283C22 /* ContentView.swift in Sources */,
				C83B828724059F5700283C22 /* SwiftUIView.swift in Sources */,
				C815F5C9240C62E100E7C489 /* W1.swift in Sources */,
			);
			runOnlyForDeploymentPostprocessing = 0;
		};
		C83B8261240592A500283C22 /* Sources */ = {
			isa = PBXSourcesBuildPhase;
			buildActionMask = 2147483647;
			files = (
				C83B826A240592A500283C22 /* BinderTests.swift in Sources */,
			);
			runOnlyForDeploymentPostprocessing = 0;
		};
		C83B826C240592A500283C22 /* Sources */ = {
			isa = PBXSourcesBuildPhase;
			buildActionMask = 2147483647;
			files = (
				C83B8275240592A500283C22 /* BinderUITests.swift in Sources */,
			);
			runOnlyForDeploymentPostprocessing = 0;
		};
/* End PBXSourcesBuildPhase section */

/* Begin PBXTargetDependency section */
		C83B8267240592A500283C22 /* PBXTargetDependency */ = {
			isa = PBXTargetDependency;
			target = C83B824E240592A400283C22 /* Binder */;
			targetProxy = C83B8266240592A500283C22 /* PBXContainerItemProxy */;
		};
		C83B8272240592A500283C22 /* PBXTargetDependency */ = {
			isa = PBXTargetDependency;
			target = C83B824E240592A400283C22 /* Binder */;
			targetProxy = C83B8271240592A500283C22 /* PBXContainerItemProxy */;
		};
/* End PBXTargetDependency section */

/* Begin PBXVariantGroup section */
		C83B825D240592A500283C22 /* LaunchScreen.storyboard */ = {
			isa = PBXVariantGroup;
			children = (
				C83B825E240592A500283C22 /* Base */,
			);
			name = LaunchScreen.storyboard;
			sourceTree = "<group>";
		};
/* End PBXVariantGroup section */

/* Begin XCBuildConfiguration section */
		C83B8277240592A500283C22 /* Debug */ = {
			isa = XCBuildConfiguration;
			buildSettings = {
				ALWAYS_SEARCH_USER_PATHS = NO;
				CLANG_ANALYZER_NONNULL = YES;
				CLANG_ANALYZER_NUMBER_OBJECT_CONVERSION = YES_AGGRESSIVE;
				CLANG_CXX_LANGUAGE_STANDARD = "gnu++14";
				CLANG_CXX_LIBRARY = "libc++";
				CLANG_ENABLE_MODULES = YES;
				CLANG_ENABLE_OBJC_ARC = YES;
				CLANG_ENABLE_OBJC_WEAK = YES;
				CLANG_WARN_BLOCK_CAPTURE_AUTORELEASING = YES;
				CLANG_WARN_BOOL_CONVERSION = YES;
				CLANG_WARN_COMMA = YES;
				CLANG_WARN_CONSTANT_CONVERSION = YES;
				CLANG_WARN_DEPRECATED_OBJC_IMPLEMENTATIONS = YES;
				CLANG_WARN_DIRECT_OBJC_ISA_USAGE = YES_ERROR;
				CLANG_WARN_DOCUMENTATION_COMMENTS = YES;
				CLANG_WARN_EMPTY_BODY = YES;
				CLANG_WARN_ENUM_CONVERSION = YES;
				CLANG_WARN_INFINITE_RECURSION = YES;
				CLANG_WARN_INT_CONVERSION = YES;
				CLANG_WARN_NON_LITERAL_NULL_CONVERSION = YES;
				CLANG_WARN_OBJC_IMPLICIT_RETAIN_SELF = YES;
				CLANG_WARN_OBJC_LITERAL_CONVERSION = YES;
				CLANG_WARN_OBJC_ROOT_CLASS = YES_ERROR;
				CLANG_WARN_RANGE_LOOP_ANALYSIS = YES;
				CLANG_WARN_STRICT_PROTOTYPES = YES;
				CLANG_WARN_SUSPICIOUS_MOVE = YES;
				CLANG_WARN_UNGUARDED_AVAILABILITY = YES_AGGRESSIVE;
				CLANG_WARN_UNREACHABLE_CODE = YES;
				CLANG_WARN__DUPLICATE_METHOD_MATCH = YES;
				COPY_PHASE_STRIP = NO;
				DEBUG_INFORMATION_FORMAT = dwarf;
				ENABLE_STRICT_OBJC_MSGSEND = YES;
				ENABLE_TESTABILITY = YES;
				GCC_C_LANGUAGE_STANDARD = gnu11;
				GCC_DYNAMIC_NO_PIC = NO;
				GCC_NO_COMMON_BLOCKS = YES;
				GCC_OPTIMIZATION_LEVEL = 0;
				GCC_PREPROCESSOR_DEFINITIONS = (
					"DEBUG=1",
					"$(inherited)",
				);
				GCC_WARN_64_TO_32_BIT_CONVERSION = YES;
				GCC_WARN_ABOUT_RETURN_TYPE = YES_ERROR;
				GCC_WARN_UNDECLARED_SELECTOR = YES;
				GCC_WARN_UNINITIALIZED_AUTOS = YES_AGGRESSIVE;
				GCC_WARN_UNUSED_FUNCTION = YES;
				GCC_WARN_UNUSED_VARIABLE = YES;
				IPHONEOS_DEPLOYMENT_TARGET = 13.2;
				MTL_ENABLE_DEBUG_INFO = INCLUDE_SOURCE;
				MTL_FAST_MATH = YES;
				ONLY_ACTIVE_ARCH = YES;
				SDKROOT = iphoneos;
				SWIFT_ACTIVE_COMPILATION_CONDITIONS = DEBUG;
				SWIFT_OPTIMIZATION_LEVEL = "-Onone";
			};
			name = Debug;
		};
		C83B8278240592A500283C22 /* Release */ = {
			isa = XCBuildConfiguration;
			buildSettings = {
				ALWAYS_SEARCH_USER_PATHS = NO;
				CLANG_ANALYZER_NONNULL = YES;
				CLANG_ANALYZER_NUMBER_OBJECT_CONVERSION = YES_AGGRESSIVE;
				CLANG_CXX_LANGUAGE_STANDARD = "gnu++14";
				CLANG_CXX_LIBRARY = "libc++";
				CLANG_ENABLE_MODULES = YES;
				CLANG_ENABLE_OBJC_ARC = YES;
				CLANG_ENABLE_OBJC_WEAK = YES;
				CLANG_WARN_BLOCK_CAPTURE_AUTORELEASING = YES;
				CLANG_WARN_BOOL_CONVERSION = YES;
				CLANG_WARN_COMMA = YES;
				CLANG_WARN_CONSTANT_CONVERSION = YES;
				CLANG_WARN_DEPRECATED_OBJC_IMPLEMENTATIONS = YES;
				CLANG_WARN_DIRECT_OBJC_ISA_USAGE = YES_ERROR;
				CLANG_WARN_DOCUMENTATION_COMMENTS = YES;
				CLANG_WARN_EMPTY_BODY = YES;
				CLANG_WARN_ENUM_CONVERSION = YES;
				CLANG_WARN_INFINITE_RECURSION = YES;
				CLANG_WARN_INT_CONVERSION = YES;
				CLANG_WARN_NON_LITERAL_NULL_CONVERSION = YES;
				CLANG_WARN_OBJC_IMPLICIT_RETAIN_SELF = YES;
				CLANG_WARN_OBJC_LITERAL_CONVERSION = YES;
				CLANG_WARN_OBJC_ROOT_CLASS = YES_ERROR;
				CLANG_WARN_RANGE_LOOP_ANALYSIS = YES;
				CLANG_WARN_STRICT_PROTOTYPES = YES;
				CLANG_WARN_SUSPICIOUS_MOVE = YES;
				CLANG_WARN_UNGUARDED_AVAILABILITY = YES_AGGRESSIVE;
				CLANG_WARN_UNREACHABLE_CODE = YES;
				CLANG_WARN__DUPLICATE_METHOD_MATCH = YES;
				COPY_PHASE_STRIP = NO;
				DEBUG_INFORMATION_FORMAT = "dwarf-with-dsym";
				ENABLE_NS_ASSERTIONS = NO;
				ENABLE_STRICT_OBJC_MSGSEND = YES;
				GCC_C_LANGUAGE_STANDARD = gnu11;
				GCC_NO_COMMON_BLOCKS = YES;
				GCC_WARN_64_TO_32_BIT_CONVERSION = YES;
				GCC_WARN_ABOUT_RETURN_TYPE = YES_ERROR;
				GCC_WARN_UNDECLARED_SELECTOR = YES;
				GCC_WARN_UNINITIALIZED_AUTOS = YES_AGGRESSIVE;
				GCC_WARN_UNUSED_FUNCTION = YES;
				GCC_WARN_UNUSED_VARIABLE = YES;
				IPHONEOS_DEPLOYMENT_TARGET = 13.2;
				MTL_ENABLE_DEBUG_INFO = NO;
				MTL_FAST_MATH = YES;
				SDKROOT = iphoneos;
				SWIFT_COMPILATION_MODE = wholemodule;
				SWIFT_OPTIMIZATION_LEVEL = "-O";
				VALIDATE_PRODUCT = YES;
			};
			name = Release;
		};
		C83B827A240592A500283C22 /* Debug */ = {
			isa = XCBuildConfiguration;
			buildSettings = {
				ASSETCATALOG_COMPILER_APPICON_NAME = AppIcon;
				CODE_SIGN_STYLE = Automatic;
				DEVELOPMENT_ASSET_PATHS = "\"Binder/Preview Content\"";
				DEVELOPMENT_TEAM = 85DR88726V;
				ENABLE_PREVIEWS = YES;
				INFOPLIST_FILE = Binder/Info.plist;
				LD_RUNPATH_SEARCH_PATHS = (
					"$(inherited)",
					"@executable_path/Frameworks",
				);
				PRODUCT_BUNDLE_IDENTIFIER = Watson.Binder;
				PRODUCT_NAME = "$(TARGET_NAME)";
				SWIFT_VERSION = 5.0;
				TARGETED_DEVICE_FAMILY = "1,2";
			};
			name = Debug;
		};
		C83B827B240592A500283C22 /* Release */ = {
			isa = XCBuildConfiguration;
			buildSettings = {
				ASSETCATALOG_COMPILER_APPICON_NAME = AppIcon;
				CODE_SIGN_STYLE = Automatic;
				DEVELOPMENT_ASSET_PATHS = "\"Binder/Preview Content\"";
				DEVELOPMENT_TEAM = 85DR88726V;
				ENABLE_PREVIEWS = YES;
				INFOPLIST_FILE = Binder/Info.plist;
				LD_RUNPATH_SEARCH_PATHS = (
					"$(inherited)",
					"@executable_path/Frameworks",
				);
				PRODUCT_BUNDLE_IDENTIFIER = Watson.Binder;
				PRODUCT_NAME = "$(TARGET_NAME)";
				SWIFT_VERSION = 5.0;
				TARGETED_DEVICE_FAMILY = "1,2";
			};
			name = Release;
		};
		C83B827D240592A500283C22 /* Debug */ = {
			isa = XCBuildConfiguration;
			buildSettings = {
				ALWAYS_EMBED_SWIFT_STANDARD_LIBRARIES = YES;
				BUNDLE_LOADER = "$(TEST_HOST)";
				CODE_SIGN_STYLE = Automatic;
				DEVELOPMENT_TEAM = 85DR88726V;
				INFOPLIST_FILE = BinderTests/Info.plist;
				IPHONEOS_DEPLOYMENT_TARGET = 13.2;
				LD_RUNPATH_SEARCH_PATHS = (
					"$(inherited)",
					"@executable_path/Frameworks",
					"@loader_path/Frameworks",
				);
				PRODUCT_BUNDLE_IDENTIFIER = Binder.BinderTests;
				PRODUCT_NAME = "$(TARGET_NAME)";
				SWIFT_VERSION = 5.0;
				TARGETED_DEVICE_FAMILY = "1,2";
				TEST_HOST = "$(BUILT_PRODUCTS_DIR)/Binder.app/Binder";
			};
			name = Debug;
		};
		C83B827E240592A500283C22 /* Release */ = {
			isa = XCBuildConfiguration;
			buildSettings = {
				ALWAYS_EMBED_SWIFT_STANDARD_LIBRARIES = YES;
				BUNDLE_LOADER = "$(TEST_HOST)";
				CODE_SIGN_STYLE = Automatic;
				DEVELOPMENT_TEAM = 85DR88726V;
				INFOPLIST_FILE = BinderTests/Info.plist;
				IPHONEOS_DEPLOYMENT_TARGET = 13.2;
				LD_RUNPATH_SEARCH_PATHS = (
					"$(inherited)",
					"@executable_path/Frameworks",
					"@loader_path/Frameworks",
				);
				PRODUCT_BUNDLE_IDENTIFIER = Binder.BinderTests;
				PRODUCT_NAME = "$(TARGET_NAME)";
				SWIFT_VERSION = 5.0;
				TARGETED_DEVICE_FAMILY = "1,2";
				TEST_HOST = "$(BUILT_PRODUCTS_DIR)/Binder.app/Binder";
			};
			name = Release;
		};
		C83B8280240592A500283C22 /* Debug */ = {
			isa = XCBuildConfiguration;
			buildSettings = {
				ALWAYS_EMBED_SWIFT_STANDARD_LIBRARIES = YES;
				CODE_SIGN_STYLE = Automatic;
				DEVELOPMENT_TEAM = 85DR88726V;
				INFOPLIST_FILE = BinderUITests/Info.plist;
				LD_RUNPATH_SEARCH_PATHS = (
					"$(inherited)",
					"@executable_path/Frameworks",
					"@loader_path/Frameworks",
				);
				PRODUCT_BUNDLE_IDENTIFIER = Binder.BinderUITests;
				PRODUCT_NAME = "$(TARGET_NAME)";
				SWIFT_VERSION = 5.0;
				TARGETED_DEVICE_FAMILY = "1,2";
				TEST_TARGET_NAME = Binder;
			};
			name = Debug;
		};
		C83B8281240592A500283C22 /* Release */ = {
			isa = XCBuildConfiguration;
			buildSettings = {
				ALWAYS_EMBED_SWIFT_STANDARD_LIBRARIES = YES;
				CODE_SIGN_STYLE = Automatic;
				DEVELOPMENT_TEAM = 85DR88726V;
				INFOPLIST_FILE = BinderUITests/Info.plist;
				LD_RUNPATH_SEARCH_PATHS = (
					"$(inherited)",
					"@executable_path/Frameworks",
					"@loader_path/Frameworks",
				);
				PRODUCT_BUNDLE_IDENTIFIER = Binder.BinderUITests;
				PRODUCT_NAME = "$(TARGET_NAME)";
				SWIFT_VERSION = 5.0;
				TARGETED_DEVICE_FAMILY = "1,2";
				TEST_TARGET_NAME = Binder;
			};
			name = Release;
		};
/* End XCBuildConfiguration section */

/* Begin XCConfigurationList section */
		C83B824A240592A400283C22 /* Build configuration list for PBXProject "Binder" */ = {
			isa = XCConfigurationList;
			buildConfigurations = (
				C83B8277240592A500283C22 /* Debug */,
				C83B8278240592A500283C22 /* Release */,
			);
			defaultConfigurationIsVisible = 0;
			defaultConfigurationName = Release;
		};
		C83B8279240592A500283C22 /* Build configuration list for PBXNativeTarget "Binder" */ = {
			isa = XCConfigurationList;
			buildConfigurations = (
				C83B827A240592A500283C22 /* Debug */,
				C83B827B240592A500283C22 /* Release */,
			);
			defaultConfigurationIsVisible = 0;
			defaultConfigurationName = Release;
		};
		C83B827C240592A500283C22 /* Build configuration list for PBXNativeTarget "BinderTests" */ = {
			isa = XCConfigurationList;
			buildConfigurations = (
				C83B827D240592A500283C22 /* Debug */,
				C83B827E240592A500283C22 /* Release */,
			);
			defaultConfigurationIsVisible = 0;
			defaultConfigurationName = Release;
		};
		C83B827F240592A500283C22 /* Build configuration list for PBXNativeTarget "BinderUITests" */ = {
			isa = XCConfigurationList;
			buildConfigurations = (
				C83B8280240592A500283C22 /* Debug */,
				C83B8281240592A500283C22 /* Release */,
			);
			defaultConfigurationIsVisible = 0;
			defaultConfigurationName = Release;
		};
/* End XCConfigurationList section */
	};
	rootObject = C83B8247240592A400283C22 /* Project object */;
}
